
Microsoft Visual Studio Solution File, Format Version 12.00
# Visual Studio Version 17
VisualStudioVersion = 17.7.34221.43
MinimumVisualStudioVersion = 10.0.40219.1
Project("{9A19103F-16F7-4668-BE54-9A1E7A4F7556}") = "AysanRaf.NakliyeMontaj.app", "AysanRaf.NakliyeMontaj.app\AysanRaf.NakliyeMontaj.app.csproj", "{555C4452-3E0B-4D14-8CEC-67221D4322D2}"
EndProject
Project("{9A19103F-16F7-4668-BE54-9A1E7A4F7556}") = "AysanRaf.NakliyeMontaj.Entites", "AysanRaf.NakliyeMontaj.entity\AysanRaf.NakliyeMontaj.Entites.csproj", "{722FB031-E17F-468E-9AD3-CCC5CEDDFEC5}"
EndProject
Project("{9A19103F-16F7-4668-BE54-9A1E7A4F7556}") = "AysanRaf.NakliyeMontaj.Business", "AysanRaf.NakliyeMontaj.Business\AysanRaf.NakliyeMontaj.Business.csproj", "{3F6B0921-B000-4E39-B4B8-ACD4ECD74502}"
EndProject
Project("{9A19103F-16F7-4668-BE54-9A1E7A4F7556}") = "AysanRaf.NakliyeMontaj.DataAccess", "AysanRaf.NakliyeMontaj.DataAccess\AysanRaf.NakliyeMontaj.DataAccess.csproj", "{9488DDF0-2F73-4D44-B56C-5D791547C086}"
EndProject
Global
	GlobalSection(SolutionConfigurationPlatforms) = preSolution
		Debug|Any CPU = Debug|Any CPU
		Release|Any CPU = Release|Any CPU
	EndGlobalSection
	GlobalSection(ProjectConfigurationPlatforms) = postSolution
		{555C4452-3E0B-4D14-8CEC-67221D4322D2}.Debug|Any CPU.ActiveCfg = Debug|Any CPU
		{555C4452-3E0B-4D14-8CEC-67221D4322D2}.Debug|Any CPU.Build.0 = Debug|Any CPU
		{555C4452-3E0B-4D14-8CEC-67221D4322D2}.Release|Any CPU.ActiveCfg = Release|Any CPU
		{555C4452-3E0B-4D14-8CEC-67221D4322D2}.Release|Any CPU.Build.0 = Release|Any CPU
		{722FB031-E17F-468E-9AD3-CCC5CEDDFEC5}.Debug|Any CPU.ActiveCfg = Debug|Any CPU
		{722FB031-E17F-468E-9AD3-CCC5CEDDFEC5}.Debug|Any CPU.Build.0 = Debug|Any CPU
		{722FB031-E17F-468E-9AD3-CCC5CEDDFEC5}.Release|Any CPU.ActiveCfg = Release|Any CPU
		{722FB031-E17F-468E-9AD3-CCC5CEDDFEC5}.Release|Any CPU.Build.0 = Release|Any CPU
		{3F6B0921-B000-4E39-B4B8-ACD4ECD74502}.Debug|Any CPU.ActiveCfg = Debug|Any CPU
		{3F6B0921-B000-4E39-B4B8-ACD4ECD74502}.Debug|Any CPU.Build.0 = Debug|Any CPU
		{3F6B0921-B000-4E39-B4B8-ACD4ECD74502}.Release|Any CPU.ActiveCfg = Release|Any CPU
		{3F6B0921-B000-4E39-B4B8-ACD4ECD74502}.Release|Any CPU.Build.0 = Release|Any CPU
		{9488DDF0-2F73-4D44-B56C-5D791547C086}.Debug|Any CPU.ActiveCfg = Debug|Any CPU
		{9488DDF0-2F73-4D44-B56C-5D791547C086}.Debug|Any CPU.Build.0 = Debug|Any CPU
		{9488DDF0-2F73-4D44-B56C-5D791547C086}.Release|Any CPU.ActiveCfg = Release|Any CPU
		{9488DDF0-2F73-4D44-B56C-5D791547C086}.Release|Any CPU.Build.0 = Release|Any CPU
	EndGlobalSection
	GlobalSection(SolutionProperties) = preSolution
		HideSolutionNode = FALSE
	EndGlobalSection
	GlobalSection(ExtensibilityGlobals) = postSolution
		SolutionGuid = {13FBACAB-4454-4836-8585-8ED17F6700D4}
	EndGlobalSection
EndGlobal
